{
  "version": 4,
  "terraform_version": "0.14.7",
  "serial": 2,
  "lineage": "7b8efe2d-ecf3-c5f9-3912-68e55ef4b6fe",
  "outputs": {},
  "resources": [
    {
      "mode": "managed",
      "type": "aws_rds_cluster_instance",
      "name": "cluster_instances",
      "provider": "provider[\"registry.terraform.io/hashicorp/aws\"]",
      "instances": []
    },
    {
      "mode": "managed",
      "type": "aws_sns_topic",
      "name": "audit_log",
      "provider": "provider[\"registry.terraform.io/hashicorp/aws\"]",
      "instances": [
        {
          "schema_version": 0,
          "attributes": {
            "application_failure_feedback_role_arn": "",
            "application_success_feedback_role_arn": "",
            "application_success_feedback_sample_rate": null,
            "arn": "arn:aws:sns:us-east-1:000000000000:audit-log",
            "content_based_deduplication": false,
            "delivery_policy": "",
            "display_name": "",
            "fifo_topic": false,
            "firehose_failure_feedback_role_arn": "",
            "firehose_success_feedback_role_arn": "",
            "firehose_success_feedback_sample_rate": null,
            "http_failure_feedback_role_arn": "",
            "http_success_feedback_role_arn": "",
            "http_success_feedback_sample_rate": null,
            "id": "arn:aws:sns:us-east-1:000000000000:audit-log",
            "kms_master_key_id": "",
            "lambda_failure_feedback_role_arn": "",
            "lambda_success_feedback_role_arn": "",
            "lambda_success_feedback_sample_rate": null,
            "name": "audit-log",
            "name_prefix": "",
            "owner": "000000000000",
            "policy": "{\"Version\": \"2008-10-17\", \"Id\": \"__default_policy_ID\", \"Statement\": [{\"Effect\": \"Allow\", \"Sid\": \"__default_statement_ID\", \"Principal\": {\"AWS\": \"*\"}, \"Action\": [\"SNS:GetTopicAttributes\", \"SNS:SetTopicAttributes\", \"SNS:AddPermission\", \"SNS:RemovePermission\", \"SNS:DeleteTopic\", \"SNS:Subscribe\", \"SNS:ListSubscriptionsByTopic\", \"SNS:Publish\", \"SNS:Receive\"], \"Resource\": \"arn:aws:sns:us-east-1:000000000000:audit-log\", \"Condition\": {\"StringEquals\": {\"AWS:SourceOwner\": \"000000000000\"}}}]}",
            "sqs_failure_feedback_role_arn": "",
            "sqs_success_feedback_role_arn": "",
            "sqs_success_feedback_sample_rate": null,
            "tags": {},
            "tags_all": {}
          },
          "sensitive_attributes": [],
          "private": "bnVsbA=="
        }
      ]
    }
  ]
}
